// !$*UTF8*$!
{
	archiveVersion = 1;
	classes = {
	};
	objectVersion = 50;
	objects = {

/* Begin PBXBuildFile section */
		41698C70218DB64A009A4644 /* AppDelegate.swift in Sources */ = {isa = PBXBuildFile; fileRef = 41698C6F218DB64A009A4644 /* AppDelegate.swift */; };
		41698C72218DB64A009A4644 /* Assets.xcassets in Resources */ = {isa = PBXBuildFile; fileRef = 41698C71218DB64A009A4644 /* Assets.xcassets */; };
		41698C75218DB64A009A4644 /* MainMenu.xib in Resources */ = {isa = PBXBuildFile; fileRef = 41698C73218DB64A009A4644 /* MainMenu.xib */; };
		41698C81218DB64A009A4644 /* CorsairLookTests.swift in Sources */ = {isa = PBXBuildFile; fileRef = 41698C80218DB64A009A4644 /* CorsairLookTests.swift */; };
		41698C8C218DBB2A009A4644 /* DeviceService.swift in Sources */ = {isa = PBXBuildFile; fileRef = 41698C8B218DBB2A009A4644 /* DeviceService.swift */; };
		41698DBB218DC48C009A4644 /* OpenCorsairLink in Resources */ = {isa = PBXBuildFile; fileRef = 41698DBA218DC48C009A4644 /* OpenCorsairLink */; };
		41698DBD218DC4F7009A4644 /* ShellCommandTest.swift in Sources */ = {isa = PBXBuildFile; fileRef = 41698DBC218DC4F7009A4644 /* ShellCommandTest.swift */; };
/* End PBXBuildFile section */

/* Begin PBXContainerItemProxy section */
		41698C7D218DB64A009A4644 /* PBXContainerItemProxy */ = {
			isa = PBXContainerItemProxy;
			containerPortal = 41698C64218DB64A009A4644 /* Project object */;
			proxyType = 1;
			remoteGlobalIDString = 41698C6B218DB64A009A4644;
			remoteInfo = CorsairLook;
		};
/* End PBXContainerItemProxy section */

/* Begin PBXFileReference section */
		41698C6C218DB64A009A4644 /* CorsairLook.app */ = {isa = PBXFileReference; explicitFileType = wrapper.application; includeInIndex = 0; path = CorsairLook.app; sourceTree = BUILT_PRODUCTS_DIR; };
		41698C6F218DB64A009A4644 /* AppDelegate.swift */ = {isa = PBXFileReference; lastKnownFileType = sourcecode.swift; path = AppDelegate.swift; sourceTree = "<group>"; };
		41698C71218DB64A009A4644 /* Assets.xcassets */ = {isa = PBXFileReference; lastKnownFileType = folder.assetcatalog; path = Assets.xcassets; sourceTree = "<group>"; };
		41698C74218DB64A009A4644 /* Base */ = {isa = PBXFileReference; lastKnownFileType = file.xib; name = Base; path = Base.lproj/MainMenu.xib; sourceTree = "<group>"; };
		41698C76218DB64A009A4644 /* Info.plist */ = {isa = PBXFileReference; lastKnownFileType = text.plist.xml; path = Info.plist; sourceTree = "<group>"; };
		41698C77218DB64A009A4644 /* CorsairLook.entitlements */ = {isa = PBXFileReference; lastKnownFileType = text.plist.entitlements; path = CorsairLook.entitlements; sourceTree = "<group>"; };
		41698C7C218DB64A009A4644 /* CorsairLookTests.xctest */ = {isa = PBXFileReference; explicitFileType = wrapper.cfbundle; includeInIndex = 0; path = CorsairLookTests.xctest; sourceTree = BUILT_PRODUCTS_DIR; };
		41698C80218DB64A009A4644 /* CorsairLookTests.swift */ = {isa = PBXFileReference; lastKnownFileType = sourcecode.swift; path = CorsairLookTests.swift; sourceTree = "<group>"; };
		41698C82218DB64A009A4644 /* Info.plist */ = {isa = PBXFileReference; lastKnownFileType = text.plist.xml; path = Info.plist; sourceTree = "<group>"; };
		41698C8B218DBB2A009A4644 /* DeviceService.swift */ = {isa = PBXFileReference; lastKnownFileType = sourcecode.swift; path = DeviceService.swift; sourceTree = "<group>"; };
		41698DBA218DC48C009A4644 /* OpenCorsairLink */ = {isa = PBXFileReference; lastKnownFileType = "compiled.mach-o.executable"; path = OpenCorsairLink; sourceTree = "<group>"; };
		41698DBC218DC4F7009A4644 /* ShellCommandTest.swift */ = {isa = PBXFileReference; lastKnownFileType = sourcecode.swift; path = ShellCommandTest.swift; sourceTree = "<group>"; };
/* End PBXFileReference section */

/* Begin PBXFrameworksBuildPhase section */
		41698C69218DB64A009A4644 /* Frameworks */ = {
			isa = PBXFrameworksBuildPhase;
			buildActionMask = 2147483647;
			files = (
			);
			runOnlyForDeploymentPostprocessing = 0;
		};
		41698C79218DB64A009A4644 /* Frameworks */ = {
			isa = PBXFrameworksBuildPhase;
			buildActionMask = 2147483647;
			files = (
			);
			runOnlyForDeploymentPostprocessing = 0;
		};
/* End PBXFrameworksBuildPhase section */

/* Begin PBXGroup section */
		41698C63218DB64A009A4644 = {
			isa = PBXGroup;
			children = (
				41698C6E218DB64A009A4644 /* CorsairLook */,
				41698C7F218DB64A009A4644 /* CorsairLookTests */,
				41698C6D218DB64A009A4644 /* Products */,
			);
			sourceTree = "<group>";
		};
		41698C6D218DB64A009A4644 /* Products */ = {
			isa = PBXGroup;
			children = (
				41698C6C218DB64A009A4644 /* CorsairLook.app */,
				41698C7C218DB64A009A4644 /* CorsairLookTests.xctest */,
			);
			name = Products;
			sourceTree = "<group>";
		};
		41698C6E218DB64A009A4644 /* CorsairLook */ = {
			isa = PBXGroup;
			children = (
				41698C6F218DB64A009A4644 /* AppDelegate.swift */,
				41698C8B218DBB2A009A4644 /* DeviceService.swift */,
				41698C71218DB64A009A4644 /* Assets.xcassets */,
				41698C73218DB64A009A4644 /* MainMenu.xib */,
				41698C76218DB64A009A4644 /* Info.plist */,
				41698C77218DB64A009A4644 /* CorsairLook.entitlements */,
				41698DBA218DC48C009A4644 /* OpenCorsairLink */,
			);
			path = CorsairLook;
			sourceTree = "<group>";
		};
		41698C7F218DB64A009A4644 /* CorsairLookTests */ = {
			isa = PBXGroup;
			children = (
				41698C80218DB64A009A4644 /* CorsairLookTests.swift */,
				41698DBC218DC4F7009A4644 /* ShellCommandTest.swift */,
				41698C82218DB64A009A4644 /* Info.plist */,
			);
			path = CorsairLookTests;
			sourceTree = "<group>";
		};
/* End PBXGroup section */

/* Begin PBXNativeTarget section */
		41698C6B218DB64A009A4644 /* CorsairLook */ = {
			isa = PBXNativeTarget;
			buildConfigurationList = 41698C85218DB64A009A4644 /* Build configuration list for PBXNativeTarget "CorsairLook" */;
			buildPhases = (
				41698C68218DB64A009A4644 /* Sources */,
				41698C69218DB64A009A4644 /* Frameworks */,
				41698C6A218DB64A009A4644 /* Resources */,
			);
			buildRules = (
			);
			dependencies = (
			);
			name = CorsairLook;
			productName = CorsairLook;
			productReference = 41698C6C218DB64A009A4644 /* CorsairLook.app */;
			productType = "com.apple.product-type.application";
		};
		41698C7B218DB64A009A4644 /* CorsairLookTests */ = {
			isa = PBXNativeTarget;
			buildConfigurationList = 41698C88218DB64A009A4644 /* Build configuration list for PBXNativeTarget "CorsairLookTests" */;
			buildPhases = (
				41698C78218DB64A009A4644 /* Sources */,
				41698C79218DB64A009A4644 /* Frameworks */,
				41698C7A218DB64A009A4644 /* Resources */,
			);
			buildRules = (
			);
			dependencies = (
				41698C7E218DB64A009A4644 /* PBXTargetDependency */,
			);
			name = CorsairLookTests;
			productName = CorsairLookTests;
			productReference = 41698C7C218DB64A009A4644 /* CorsairLookTests.xctest */;
			productType = "com.apple.product-type.bundle.unit-test";
		};
/* End PBXNativeTarget section */

/* Begin PBXProject section */
		41698C64218DB64A009A4644 /* Project object */ = {
			isa = PBXProject;
			attributes = {
				LastSwiftUpdateCheck = 1010;
				LastUpgradeCheck = 1010;
				ORGANIZATIONNAME = me.leavez;
				TargetAttributes = {
					41698C6B218DB64A009A4644 = {
						CreatedOnToolsVersion = 10.1;
						SystemCapabilities = {
							com.apple.Sandbox = {
								enabled = 0;
							};
						};
					};
					41698C7B218DB64A009A4644 = {
						CreatedOnToolsVersion = 10.1;
						TestTargetID = 41698C6B218DB64A009A4644;
					};
				};
			};
			buildConfigurationList = 41698C67218DB64A009A4644 /* Build configuration list for PBXProject "CorsairLook" */;
			compatibilityVersion = "Xcode 9.3";
			developmentRegion = en;
			hasScannedForEncodings = 0;
			knownRegions = (
				en,
				Base,
			);
			mainGroup = 41698C63218DB64A009A4644;
			productRefGroup = 41698C6D218DB64A009A4644 /* Products */;
			projectDirPath = "";
			projectRoot = "";
			targets = (
				41698C6B218DB64A009A4644 /* CorsairLook */,
				41698C7B218DB64A009A4644 /* CorsairLookTests */,
			);
		};
/* End PBXProject section */

/* Begin PBXResourcesBuildPhase section */
		41698C6A218DB64A009A4644 /* Resources */ = {
			isa = PBXResourcesBuildPhase;
			buildActionMask = 2147483647;
			files = (
				41698C72218DB64A009A4644 /* Assets.xcassets in Resources */,
				41698C75218DB64A009A4644 /* MainMenu.xib in Resources */,
				41698DBB218DC48C009A4644 /* OpenCorsairLink in Resources */,
			);
			runOnlyForDeploymentPostprocessing = 0;
		};
		41698C7A218DB64A009A4644 /* Resources */ = {
			isa = PBXResourcesBuildPhase;
			buildActionMask = 2147483647;
			files = (
			);
			runOnlyForDeploymentPostprocessing = 0;
		};
/* End PBXResourcesBuildPhase section */

/* Begin PBXSourcesBuildPhase section */
		41698C68218DB64A009A4644 /* Sources */ = {
			isa = PBXSourcesBuildPhase;
			buildActionMask = 2147483647;
			files = (
				41698C70218DB64A009A4644 /* AppDelegate.swift in Sources */,
				41698C8C218DBB2A009A4644 /* DeviceService.swift in Sources */,
			);
			runOnlyForDeploymentPostprocessing = 0;
		};
		41698C78218DB64A009A4644 /* Sources */ = {
			isa = PBXSourcesBuildPhase;
			buildActionMask = 2147483647;
			files = (
				41698DBD218DC4F7009A4644 /* ShellCommandTest.swift in Sources */,
				41698C81218DB64A009A4644 /* CorsairLookTests.swift in Sources */,
			);
			runOnlyForDeploymentPostprocessing = 0;
		};
/* End PBXSourcesBuildPhase section */

/* Begin PBXTargetDependency section */
		41698C7E218DB64A009A4644 /* PBXTargetDependency */ = {
			isa = PBXTargetDependency;
			target = 41698C6B218DB64A009A4644 /* CorsairLook */;
			targetProxy = 41698C7D218DB64A009A4644 /* PBXContainerItemProxy */;
		};
/* End PBXTargetDependency section */

/* Begin PBXVariantGroup section */
		41698C73218DB64A009A4644 /* MainMenu.xib */ = {
			isa = PBXVariantGroup;
			children = (
				41698C74218DB64A009A4644 /* Base */,
			);
			name = MainMenu.xib;
			sourceTree = "<group>";
		};
/* End PBXVariantGroup section */

/* Begin XCBuildConfiguration section */
		41698C83218DB64A009A4644 /* Debug */ = {
			isa = XCBuildConfiguration;
			buildSettings = {
				ALWAYS_SEARCH_USER_PATHS = NO;
				CLANG_ANALYZER_NONNULL = YES;
				CLANG_ANALYZER_NUMBER_OBJECT_CONVERSION = YES_AGGRESSIVE;
				CLANG_CXX_LANGUAGE_STANDARD = "gnu++14";
				CLANG_CXX_LIBRARY = "libc++";
				CLANG_ENABLE_MODULES = YES;
				CLANG_ENABLE_OBJC_ARC = YES;
				CLANG_ENABLE_OBJC_WEAK = YES;
				CLANG_WARN_BLOCK_CAPTURE_AUTORELEASING = YES;
				CLANG_WARN_BOOL_CONVERSION = YES;
				CLANG_WARN_COMMA = YES;
				CLANG_WARN_CONSTANT_CONVERSION = YES;
				CLANG_WARN_DEPRECATED_OBJC_IMPLEMENTATIONS = YES;
				CLANG_WARN_DIRECT_OBJC_ISA_USAGE = YES_ERROR;
				CLANG_WARN_DOCUMENTATION_COMMENTS = YES;
				CLANG_WARN_EMPTY_BODY = YES;
				CLANG_WARN_ENUM_CONVERSION = YES;
				CLANG_WARN_INFINITE_RECURSION = YES;
				CLANG_WARN_INT_CONVERSION = YES;
				CLANG_WARN_NON_LITERAL_NULL_CONVERSION = YES;
				CLANG_WARN_OBJC_IMPLICIT_RETAIN_SELF = YES;
				CLANG_WARN_OBJC_LITERAL_CONVERSION = YES;
				CLANG_WARN_OBJC_ROOT_CLASS = YES_ERROR;
				CLANG_WARN_RANGE_LOOP_ANALYSIS = YES;
				CLANG_WARN_STRICT_PROTOTYPES = YES;
				CLANG_WARN_SUSPICIOUS_MOVE = YES;
				CLANG_WARN_UNGUARDED_AVAILABILITY = YES_AGGRESSIVE;
				CLANG_WARN_UNREACHABLE_CODE = YES;
				CLANG_WARN__DUPLICATE_METHOD_MATCH = YES;
				CODE_SIGN_IDENTITY = "-";
				COPY_PHASE_STRIP = NO;
				DEBUG_INFORMATION_FORMAT = dwarf;
				ENABLE_STRICT_OBJC_MSGSEND = YES;
				ENABLE_TESTABILITY = YES;
				GCC_C_LANGUAGE_STANDARD = gnu11;
				GCC_DYNAMIC_NO_PIC = NO;
				GCC_NO_COMMON_BLOCKS = YES;
				GCC_OPTIMIZATION_LEVEL = 0;
				GCC_PREPROCESSOR_DEFINITIONS = (
					"DEBUG=1",
					"$(inherited)",
				);
				GCC_WARN_64_TO_32_BIT_CONVERSION = YES;
				GCC_WARN_ABOUT_RETURN_TYPE = YES_ERROR;
				GCC_WARN_UNDECLARED_SELECTOR = YES;
				GCC_WARN_UNINITIALIZED_AUTOS = YES_AGGRESSIVE;
				GCC_WARN_UNUSED_FUNCTION = YES;
				GCC_WARN_UNUSED_VARIABLE = YES;
				MACOSX_DEPLOYMENT_TARGET = 10.14;
				MTL_ENABLE_DEBUG_INFO = INCLUDE_SOURCE;
				MTL_FAST_MATH = YES;
				ONLY_ACTIVE_ARCH = YES;
				SDKROOT = macosx;
				SWIFT_ACTIVE_COMPILATION_CONDITIONS = DEBUG;
				SWIFT_OPTIMIZATION_LEVEL = "-Onone";
			};
			name = Debug;
		};
		41698C84218DB64A009A4644 /* Release */ = {
			isa = XCBuildConfiguration;
			buildSettings = {
				ALWAYS_SEARCH_USER_PATHS = NO;
				CLANG_ANALYZER_NONNULL = YES;
				CLANG_ANALYZER_NUMBER_OBJECT_CONVERSION = YES_AGGRESSIVE;
				CLANG_CXX_LANGUAGE_STANDARD = "gnu++14";
				CLANG_CXX_LIBRARY = "libc++";
				CLANG_ENABLE_MODULES = YES;
				CLANG_ENABLE_OBJC_ARC = YES;
				CLANG_ENABLE_OBJC_WEAK = YES;
				CLANG_WARN_BLOCK_CAPTURE_AUTORELEASING = YES;
				CLANG_WARN_BOOL_CONVERSION = YES;
				CLANG_WARN_COMMA = YES;
				CLANG_WARN_CONSTANT_CONVERSION = YES;
				CLANG_WARN_DEPRECATED_OBJC_IMPLEMENTATIONS = YES;
				CLANG_WARN_DIRECT_OBJC_ISA_USAGE = YES_ERROR;
				CLANG_WARN_DOCUMENTATION_COMMENTS = YES;
				CLANG_WARN_EMPTY_BODY = YES;
				CLANG_WARN_ENUM_CONVERSION = YES;
				CLANG_WARN_INFINITE_RECURSION = YES;
				CLANG_WARN_INT_CONVERSION = YES;
				CLANG_WARN_NON_LITERAL_NULL_CONVERSION = YES;
				CLANG_WARN_OBJC_IMPLICIT_RETAIN_SELF = YES;
				CLANG_WARN_OBJC_LITERAL_CONVERSION = YES;
				CLANG_WARN_OBJC_ROOT_CLASS = YES_ERROR;
				CLANG_WARN_RANGE_LOOP_ANALYSIS = YES;
				CLANG_WARN_STRICT_PROTOTYPES = YES;
				CLANG_WARN_SUSPICIOUS_MOVE = YES;
				CLANG_WARN_UNGUARDED_AVAILABILITY = YES_AGGRESSIVE;
				CLANG_WARN_UNREACHABLE_CODE = YES;
				CLANG_WARN__DUPLICATE_METHOD_MATCH = YES;
				CODE_SIGN_IDENTITY = "-";
				COPY_PHASE_STRIP = NO;
				DEBUG_INFORMATION_FORMAT = "dwarf-with-dsym";
				ENABLE_NS_ASSERTIONS = NO;
				ENABLE_STRICT_OBJC_MSGSEND = YES;
				GCC_C_LANGUAGE_STANDARD = gnu11;
				GCC_NO_COMMON_BLOCKS = YES;
				GCC_WARN_64_TO_32_BIT_CONVERSION = YES;
				GCC_WARN_ABOUT_RETURN_TYPE = YES_ERROR;
				GCC_WARN_UNDECLARED_SELECTOR = YES;
				GCC_WARN_UNINITIALIZED_AUTOS = YES_AGGRESSIVE;
				GCC_WARN_UNUSED_FUNCTION = YES;
				GCC_WARN_UNUSED_VARIABLE = YES;
				MACOSX_DEPLOYMENT_TARGET = 10.14;
				MTL_ENABLE_DEBUG_INFO = NO;
				MTL_FAST_MATH = YES;
				SDKROOT = macosx;
				SWIFT_COMPILATION_MODE = wholemodule;
				SWIFT_OPTIMIZATION_LEVEL = "-O";
			};
			name = Release;
		};
		41698C86218DB64A009A4644 /* Debug */ = {
			isa = XCBuildConfiguration;
			buildSettings = {
				ASSETCATALOG_COMPILER_APPICON_NAME = AppIcon;
				CODE_SIGN_STYLE = Automatic;
				COMBINE_HIDPI_IMAGES = YES;
				INFOPLIST_FILE = CorsairLook/Info.plist;
				LD_RUNPATH_SEARCH_PATHS = (
					"$(inherited)",
					"@executable_path/../Frameworks",
				);
				PRODUCT_BUNDLE_IDENTIFIER = me.leavez.CorsairLook;
				PRODUCT_NAME = "$(TARGET_NAME)";
				SWIFT_VERSION = 4.2;
			};
			name = Debug;
		};
		41698C87218DB64A009A4644 /* Release */ = {
			isa = XCBuildConfiguration;
			buildSettings = {
				ASSETCATALOG_COMPILER_APPICON_NAME = AppIcon;
				CODE_SIGN_STYLE = Automatic;
				COMBINE_HIDPI_IMAGES = YES;
				INFOPLIST_FILE = CorsairLook/Info.plist;
				LD_RUNPATH_SEARCH_PATHS = (
					"$(inherited)",
					"@executable_path/../Frameworks",
				);
				PRODUCT_BUNDLE_IDENTIFIER = me.leavez.CorsairLook;
				PRODUCT_NAME = "$(TARGET_NAME)";
				SWIFT_VERSION = 4.2;
			};
			name = Release;
		};
		41698C89218DB64A009A4644 /* Debug */ = {
			isa = XCBuildConfiguration;
			buildSettings = {
				ALWAYS_EMBED_SWIFT_STANDARD_LIBRARIES = YES;
				BUNDLE_LOADER = "$(TEST_HOST)";
				CODE_SIGN_STYLE = Automatic;
				COMBINE_HIDPI_IMAGES = YES;
				INFOPLIST_FILE = CorsairLookTests/Info.plist;
				LD_RUNPATH_SEARCH_PATHS = (
					"$(inherited)",
					"@executable_path/../Frameworks",
					"@loader_path/../Frameworks",
				);
				PRODUCT_BUNDLE_IDENTIFIER = me.leavez.CorsairLookTests;
				PRODUCT_NAME = "$(TARGET_NAME)";
				SWIFT_VERSION = 4.2;
				TEST_HOST = "$(BUILT_PRODUCTS_DIR)/CorsairLook.app/Contents/MacOS/CorsairLook";
			};
			name = Debug;
		};
		41698C8A218DB64A009A4644 /* Release */ = {
			isa = XCBuildConfiguration;
			buildSettings = {
				ALWAYS_EMBED_SWIFT_STANDARD_LIBRARIES = YES;
				BUNDLE_LOADER = "$(TEST_HOST)";
				CODE_SIGN_STYLE = Automatic;
				COMBINE_HIDPI_IMAGES = YES;
				INFOPLIST_FILE = CorsairLookTests/Info.plist;
				LD_RUNPATH_SEARCH_PATHS = (
					"$(inherited)",
					"@executable_path/../Frameworks",
					"@loader_path/../Frameworks",
				);
				PRODUCT_BUNDLE_IDENTIFIER = me.leavez.CorsairLookTests;
				PRODUCT_NAME = "$(TARGET_NAME)";
				SWIFT_VERSION = 4.2;
				TEST_HOST = "$(BUILT_PRODUCTS_DIR)/CorsairLook.app/Contents/MacOS/CorsairLook";
			};
			name = Release;
		};
/* End XCBuildConfiguration section */

/* Begin XCConfigurationList section */
		41698C67218DB64A009A4644 /* Build configuration list for PBXProject "CorsairLook" */ = {
			isa = XCConfigurationList;
			buildConfigurations = (
				41698C83218DB64A009A4644 /* Debug */,
				41698C84218DB64A009A4644 /* Release */,
			);
			defaultConfigurationIsVisible = 0;
			defaultConfigurationName = Release;
		};
		41698C85218DB64A009A4644 /* Build configuration list for PBXNativeTarget "CorsairLook" */ = {
			isa = XCConfigurationList;
			buildConfigurations = (
				41698C86218DB64A009A4644 /* Debug */,
				41698C87218DB64A009A4644 /* Release */,
			);
			defaultConfigurationIsVisible = 0;
			defaultConfigurationName = Release;
		};
		41698C88218DB64A009A4644 /* Build configuration list for PBXNativeTarget "CorsairLookTests" */ = {
			isa = XCConfigurationList;
			buildConfigurations = (
				41698C89218DB64A009A4644 /* Debug */,
				41698C8A218DB64A009A4644 /* Release */,
			);
			defaultConfigurationIsVisible = 0;
			defaultConfigurationName = Release;
		};
/* End XCConfigurationList section */
	};
	rootObject = 41698C64218DB64A009A4644 /* Project object */;
}
